
Microsoft Visual Studio Solution File, Format Version 12.00
# Visual Studio Version 17
VisualStudioVersion = 17.7.34202.233
MinimumVisualStudioVersion = 10.0.40219.1
Project("{FAE04EC0-301F-11D3-BF4B-00C04F79EFBC}") = "React_Tiny_Url", "React_Tiny_Url\React_Tiny_Url.csproj", "{D82FD596-3672-4A83-963E-B81770F86828}"
EndProject
Global
	GlobalSection(SolutionConfigurationPlatforms) = preSolution
		Debug|Any CPU = Debug|Any CPU
		Release|Any CPU = Release|Any CPU
	EndGlobalSection
	GlobalSection(ProjectConfigurationPlatforms) = postSolution
		{D82FD596-3672-4A83-963E-B81770F86828}.Debug|Any CPU.ActiveCfg = Debug|Any CPU
		{D82FD596-3672-4A83-963E-B81770F86828}.Debug|Any CPU.Build.0 = Debug|Any CPU
		{D82FD596-3672-4A83-963E-B81770F86828}.Release|Any CPU.ActiveCfg = Release|Any CPU
		{D82FD596-3672-4A83-963E-B81770F86828}.Release|Any CPU.Build.0 = Release|Any CPU
	EndGlobalSection
	GlobalSection(SolutionProperties) = preSolution
		HideSolutionNode = FALSE
	EndGlobalSection
	GlobalSection(ExtensibilityGlobals) = postSolution
		SolutionGuid = {3A4BC15E-FF27-4461-B887-528746D9EB95}
	EndGlobalSection
EndGlobal
